// !$*UTF8*$!
{
	archiveVersion = 1;
	classes = {
	};
	objectVersion = 50;
	objects = {

/* Begin PBXBuildFile section */
		04247CD0229BCF150081A13B /* AppDelegate.swift in Sources */ = {isa = PBXBuildFile; fileRef = 04247CCF229BCF150081A13B /* AppDelegate.swift */; };
		04247CD2229BCF150081A13B /* ViewController.swift in Sources */ = {isa = PBXBuildFile; fileRef = 04247CD1229BCF150081A13B /* ViewController.swift */; };
		04247CD5229BCF150081A13B /* Main.storyboard in Resources */ = {isa = PBXBuildFile; fileRef = 04247CD3229BCF150081A13B /* Main.storyboard */; };
		04247CD7229BCF160081A13B /* Assets.xcassets in Resources */ = {isa = PBXBuildFile; fileRef = 04247CD6229BCF160081A13B /* Assets.xcassets */; };
		04247CDA229BCF160081A13B /* LaunchScreen.storyboard in Resources */ = {isa = PBXBuildFile; fileRef = 04247CD8229BCF160081A13B /* LaunchScreen.storyboard */; };
		04247CE5229BCF160081A13B /* demoTests.swift in Sources */ = {isa = PBXBuildFile; fileRef = 04247CE4229BCF160081A13B /* demoTests.swift */; };
		04247CF0229BCF160081A13B /* demoUITests.swift in Sources */ = {isa = PBXBuildFile; fileRef = 04247CEF229BCF160081A13B /* demoUITests.swift */; };
/* End PBXBuildFile section */

/* Begin PBXContainerItemProxy section */
		04247CE1229BCF160081A13B /* PBXContainerItemProxy */ = {
			isa = PBXContainerItemProxy;
			containerPortal = 04247CC4229BCF150081A13B /* Project object */;
			proxyType = 1;
			remoteGlobalIDString = 04247CCB229BCF150081A13B;
			remoteInfo = demo;
		};
		04247CEC229BCF160081A13B /* PBXContainerItemProxy */ = {
			isa = PBXContainerItemProxy;
			containerPortal = 04247CC4229BCF150081A13B /* Project object */;
			proxyType = 1;
			remoteGlobalIDString = 04247CCB229BCF150081A13B;
			remoteInfo = demo;
		};
/* End PBXContainerItemProxy section */

/* Begin PBXFileReference section */
		04247CCC229BCF150081A13B /* demo.app */ = {isa = PBXFileReference; explicitFileType = wrapper.application; includeInIndex = 0; path = demo.app; sourceTree = BUILT_PRODUCTS_DIR; };
		04247CCF229BCF150081A13B /* AppDelegate.swift */ = {isa = PBXFileReference; lastKnownFileType = sourcecode.swift; path = AppDelegate.swift; sourceTree = "<group>"; };
		04247CD1229BCF150081A13B /* ViewController.swift */ = {isa = PBXFileReference; lastKnownFileType = sourcecode.swift; path = ViewController.swift; sourceTree = "<group>"; };
		04247CD4229BCF150081A13B /* Base */ = {isa = PBXFileReference; lastKnownFileType = file.storyboard; name = Base; path = Base.lproj/Main.storyboard; sourceTree = "<group>"; };
		04247CD6229BCF160081A13B /* Assets.xcassets */ = {isa = PBXFileReference; lastKnownFileType = folder.assetcatalog; path = Assets.xcassets; sourceTree = "<group>"; };
		04247CD9229BCF160081A13B /* Base */ = {isa = PBXFileReference; lastKnownFileType = file.storyboard; name = Base; path = Base.lproj/LaunchScreen.storyboard; sourceTree = "<group>"; };
		04247CDB229BCF160081A13B /* Info.plist */ = {isa = PBXFileReference; lastKnownFileType = text.plist.xml; path = Info.plist; sourceTree = "<group>"; };
		04247CE0229BCF160081A13B /* demoTests.xctest */ = {isa = PBXFileReference; explicitFileType = wrapper.cfbundle; includeInIndex = 0; path = demoTests.xctest; sourceTree = BUILT_PRODUCTS_DIR; };
		04247CE4229BCF160081A13B /* demoTests.swift */ = {isa = PBXFileReference; lastKnownFileType = sourcecode.swift; path = demoTests.swift; sourceTree = "<group>"; };
		04247CE6229BCF160081A13B /* Info.plist */ = {isa = PBXFileReference; lastKnownFileType = text.plist.xml; path = Info.plist; sourceTree = "<group>"; };
		04247CEB229BCF160081A13B /* demoUITests.xctest */ = {isa = PBXFileReference; explicitFileType = wrapper.cfbundle; includeInIndex = 0; path = demoUITests.xctest; sourceTree = BUILT_PRODUCTS_DIR; };
		04247CEF229BCF160081A13B /* demoUITests.swift */ = {isa = PBXFileReference; lastKnownFileType = sourcecode.swift; path = demoUITests.swift; sourceTree = "<group>"; };
		04247CF1229BCF160081A13B /* Info.plist */ = {isa = PBXFileReference; lastKnownFileType = text.plist.xml; path = Info.plist; sourceTree = "<group>"; };
/* End PBXFileReference section */

/* Begin PBXFrameworksBuildPhase section */
		04247CC9229BCF150081A13B /* Frameworks */ = {
			isa = PBXFrameworksBuildPhase;
			buildActionMask = 2147483647;
			files = (
			);
			runOnlyForDeploymentPostprocessing = 0;
		};
		04247CDD229BCF160081A13B /* Frameworks */ = {
			isa = PBXFrameworksBuildPhase;
			buildActionMask = 2147483647;
			files = (
			);
			runOnlyForDeploymentPostprocessing = 0;
		};
		04247CE8229BCF160081A13B /* Frameworks */ = {
			isa = PBXFrameworksBuildPhase;
			buildActionMask = 2147483647;
			files = (
			);
			runOnlyForDeploymentPostprocessing = 0;
		};
/* End PBXFrameworksBuildPhase section */

/* Begin PBXGroup section */
		04247CC3229BCF150081A13B = {
			isa = PBXGroup;
			children = (
				04247CCE229BCF150081A13B /* demo */,
				04247CE3229BCF160081A13B /* demoTests */,
				04247CEE229BCF160081A13B /* demoUITests */,
				04247CCD229BCF150081A13B /* Products */,
			);
			sourceTree = "<group>";
		};
		04247CCD229BCF150081A13B /* Products */ = {
			isa = PBXGroup;
			children = (
				04247CCC229BCF150081A13B /* demo.app */,
				04247CE0229BCF160081A13B /* demoTests.xctest */,
				04247CEB229BCF160081A13B /* demoUITests.xctest */,
			);
			name = Products;
			sourceTree = "<group>";
		};
		04247CCE229BCF150081A13B /* demo */ = {
			isa = PBXGroup;
			children = (
				04247CCF229BCF150081A13B /* AppDelegate.swift */,
				04247CD1229BCF150081A13B /* ViewController.swift */,
				04247CD3229BCF150081A13B /* Main.storyboard */,
				04247CD6229BCF160081A13B /* Assets.xcassets */,
				04247CD8229BCF160081A13B /* LaunchScreen.storyboard */,
				04247CDB229BCF160081A13B /* Info.plist */,
			);
			path = demo;
			sourceTree = "<group>";
		};
		04247CE3229BCF160081A13B /* demoTests */ = {
			isa = PBXGroup;
			children = (
				04247CE4229BCF160081A13B /* demoTests.swift */,
				04247CE6229BCF160081A13B /* Info.plist */,
			);
			path = demoTests;
			sourceTree = "<group>";
		};
		04247CEE229BCF160081A13B /* demoUITests */ = {
			isa = PBXGroup;
			children = (
				04247CEF229BCF160081A13B /* demoUITests.swift */,
				04247CF1229BCF160081A13B /* Info.plist */,
			);
			path = demoUITests;
			sourceTree = "<group>";
		};
/* End PBXGroup section */

/* Begin PBXNativeTarget section */
		04247CCB229BCF150081A13B /* demo */ = {
			isa = PBXNativeTarget;
			buildConfigurationList = 04247CF4229BCF160081A13B /* Build configuration list for PBXNativeTarget "demo" */;
			buildPhases = (
				04247CC8229BCF150081A13B /* Sources */,
				04247CC9229BCF150081A13B /* Frameworks */,
				04247CCA229BCF150081A13B /* Resources */,
			);
			buildRules = (
			);
			dependencies = (
			);
			name = demo;
			productName = demo;
			productReference = 04247CCC229BCF150081A13B /* demo.app */;
			productType = "com.apple.product-type.application";
		};
		04247CDF229BCF160081A13B /* demoTests */ = {
			isa = PBXNativeTarget;
			buildConfigurationList = 04247CF7229BCF160081A13B /* Build configuration list for PBXNativeTarget "demoTests" */;
			buildPhases = (
				04247CDC229BCF160081A13B /* Sources */,
				04247CDD229BCF160081A13B /* Frameworks */,
				04247CDE229BCF160081A13B /* Resources */,
			);
			buildRules = (
			);
			dependencies = (
				04247CE2229BCF160081A13B /* PBXTargetDependency */,
			);
			name = demoTests;
			productName = demoTests;
			productReference = 04247CE0229BCF160081A13B /* demoTests.xctest */;
			productType = "com.apple.product-type.bundle.unit-test";
		};
		04247CEA229BCF160081A13B /* demoUITests */ = {
			isa = PBXNativeTarget;
			buildConfigurationList = 04247CFA229BCF160081A13B /* Build configuration list for PBXNativeTarget "demoUITests" */;
			buildPhases = (
				04247CE7229BCF160081A13B /* Sources */,
				04247CE8229BCF160081A13B /* Frameworks */,
				04247CE9229BCF160081A13B /* Resources */,
			);
			buildRules = (
			);
			dependencies = (
				04247CED229BCF160081A13B /* PBXTargetDependency */,
			);
			name = demoUITests;
			productName = demoUITests;
			productReference = 04247CEB229BCF160081A13B /* demoUITests.xctest */;
			productType = "com.apple.product-type.bundle.ui-testing";
		};
/* End PBXNativeTarget section */

/* Begin PBXProject section */
		04247CC4229BCF150081A13B /* Project object */ = {
			isa = PBXProject;
			attributes = {
				LastSwiftUpdateCheck = 0930;
				LastUpgradeCheck = 0930;
				ORGANIZATIONNAME = gammastack;
				TargetAttributes = {
					04247CCB229BCF150081A13B = {
						CreatedOnToolsVersion = 9.3;
					};
					04247CDF229BCF160081A13B = {
						CreatedOnToolsVersion = 9.3;
						TestTargetID = 04247CCB229BCF150081A13B;
					};
					04247CEA229BCF160081A13B = {
						CreatedOnToolsVersion = 9.3;
						TestTargetID = 04247CCB229BCF150081A13B;
					};
				};
			};
			buildConfigurationList = 04247CC7229BCF150081A13B /* Build configuration list for PBXProject "demo" */;
			compatibilityVersion = "Xcode 9.3";
			developmentRegion = en;
			hasScannedForEncodings = 0;
			knownRegions = (
				en,
				Base,
			);
			mainGroup = 04247CC3229BCF150081A13B;
			productRefGroup = 04247CCD229BCF150081A13B /* Products */;
			projectDirPath = "";
			projectRoot = "";
			targets = (
				04247CCB229BCF150081A13B /* demo */,
				04247CDF229BCF160081A13B /* demoTests */,
				04247CEA229BCF160081A13B /* demoUITests */,
			);
		};
/* End PBXProject section */

/* Begin PBXResourcesBuildPhase section */
		04247CCA229BCF150081A13B /* Resources */ = {
			isa = PBXResourcesBuildPhase;
			buildActionMask = 2147483647;
			files = (
				04247CDA229BCF160081A13B /* LaunchScreen.storyboard in Resources */,
				04247CD7229BCF160081A13B /* Assets.xcassets in Resources */,
				04247CD5229BCF150081A13B /* Main.storyboard in Resources */,
			);
			runOnlyForDeploymentPostprocessing = 0;
		};
		04247CDE229BCF160081A13B /* Resources */ = {
			isa = PBXResourcesBuildPhase;
			buildActionMask = 2147483647;
			files = (
			);
			runOnlyForDeploymentPostprocessing = 0;
		};
		04247CE9229BCF160081A13B /* Resources */ = {
			isa = PBXResourcesBuildPhase;
			buildActionMask = 2147483647;
			files = (
			);
			runOnlyForDeploymentPostprocessing = 0;
		};
/* End PBXResourcesBuildPhase section */

/* Begin PBXSourcesBuildPhase section */
		04247CC8229BCF150081A13B /* Sources */ = {
			isa = PBXSourcesBuildPhase;
			buildActionMask = 2147483647;
			files = (
				04247CD2229BCF150081A13B /* ViewController.swift in Sources */,
				04247CD0229BCF150081A13B /* AppDelegate.swift in Sources */,
			);
			runOnlyForDeploymentPostprocessing = 0;
		};
		04247CDC229BCF160081A13B /* Sources */ = {
			isa = PBXSourcesBuildPhase;
			buildActionMask = 2147483647;
			files = (
				04247CE5229BCF160081A13B /* demoTests.swift in Sources */,
			);
			runOnlyForDeploymentPostprocessing = 0;
		};
		04247CE7229BCF160081A13B /* Sources */ = {
			isa = PBXSourcesBuildPhase;
			buildActionMask = 2147483647;
			files = (
				04247CF0229BCF160081A13B /* demoUITests.swift in Sources */,
			);
			runOnlyForDeploymentPostprocessing = 0;
		};
/* End PBXSourcesBuildPhase section */

/* Begin PBXTargetDependency section */
		04247CE2229BCF160081A13B /* PBXTargetDependency */ = {
			isa = PBXTargetDependency;
			target = 04247CCB229BCF150081A13B /* demo */;
			targetProxy = 04247CE1229BCF160081A13B /* PBXContainerItemProxy */;
		};
		04247CED229BCF160081A13B /* PBXTargetDependency */ = {
			isa = PBXTargetDependency;
			target = 04247CCB229BCF150081A13B /* demo */;
			targetProxy = 04247CEC229BCF160081A13B /* PBXContainerItemProxy */;
		};
/* End PBXTargetDependency section */

/* Begin PBXVariantGroup section */
		04247CD3229BCF150081A13B /* Main.storyboard */ = {
			isa = PBXVariantGroup;
			children = (
				04247CD4229BCF150081A13B /* Base */,
			);
			name = Main.storyboard;
			sourceTree = "<group>";
		};
		04247CD8229BCF160081A13B /* LaunchScreen.storyboard */ = {
			isa = PBXVariantGroup;
			children = (
				04247CD9229BCF160081A13B /* Base */,
			);
			name = LaunchScreen.storyboard;
			sourceTree = "<group>";
		};
/* End PBXVariantGroup section */

/* Begin XCBuildConfiguration section */
		04247CF2229BCF160081A13B /* Debug */ = {
			isa = XCBuildConfiguration;
			buildSettings = {
				ALWAYS_SEARCH_USER_PATHS = NO;
				CLANG_ANALYZER_NONNULL = YES;
				CLANG_ANALYZER_NUMBER_OBJECT_CONVERSION = YES_AGGRESSIVE;
				CLANG_CXX_LANGUAGE_STANDARD = "gnu++14";
				CLANG_CXX_LIBRARY = "libc++";
				CLANG_ENABLE_MODULES = YES;
				CLANG_ENABLE_OBJC_ARC = YES;
				CLANG_ENABLE_OBJC_WEAK = YES;
				CLANG_WARN_BLOCK_CAPTURE_AUTORELEASING = YES;
				CLANG_WARN_BOOL_CONVERSION = YES;
				CLANG_WARN_COMMA = YES;
				CLANG_WARN_CONSTANT_CONVERSION = YES;
				CLANG_WARN_DEPRECATED_OBJC_IMPLEMENTATIONS = YES;
				CLANG_WARN_DIRECT_OBJC_ISA_USAGE = YES_ERROR;
				CLANG_WARN_DOCUMENTATION_COMMENTS = YES;
				CLANG_WARN_EMPTY_BODY = YES;
				CLANG_WARN_ENUM_CONVERSION = YES;
				CLANG_WARN_INFINITE_RECURSION = YES;
				CLANG_WARN_INT_CONVERSION = YES;
				CLANG_WARN_NON_LITERAL_NULL_CONVERSION = YES;
				CLANG_WARN_OBJC_IMPLICIT_RETAIN_SELF = YES;
				CLANG_WARN_OBJC_LITERAL_CONVERSION = YES;
				CLANG_WARN_OBJC_ROOT_CLASS = YES_ERROR;
				CLANG_WARN_RANGE_LOOP_ANALYSIS = YES;
				CLANG_WARN_STRICT_PROTOTYPES = YES;
				CLANG_WARN_SUSPICIOUS_MOVE = YES;
				CLANG_WARN_UNGUARDED_AVAILABILITY = YES_AGGRESSIVE;
				CLANG_WARN_UNREACHABLE_CODE = YES;
				CLANG_WARN__DUPLICATE_METHOD_MATCH = YES;
				CODE_SIGN_IDENTITY = "iPhone Developer";
				COPY_PHASE_STRIP = NO;
				DEBUG_INFORMATION_FORMAT = dwarf;
				ENABLE_STRICT_OBJC_MSGSEND = YES;
				ENABLE_TESTABILITY = YES;
				GCC_C_LANGUAGE_STANDARD = gnu11;
				GCC_DYNAMIC_NO_PIC = NO;
				GCC_NO_COMMON_BLOCKS = YES;
				GCC_OPTIMIZATION_LEVEL = 0;
				GCC_PREPROCESSOR_DEFINITIONS = (
					"DEBUG=1",
					"$(inherited)",
				);
				GCC_WARN_64_TO_32_BIT_CONVERSION = YES;
				GCC_WARN_ABOUT_RETURN_TYPE = YES_ERROR;
				GCC_WARN_UNDECLARED_SELECTOR = YES;
				GCC_WARN_UNINITIALIZED_AUTOS = YES_AGGRESSIVE;
				GCC_WARN_UNUSED_FUNCTION = YES;
				GCC_WARN_UNUSED_VARIABLE = YES;
				IPHONEOS_DEPLOYMENT_TARGET = 11.3;
				MTL_ENABLE_DEBUG_INFO = YES;
				ONLY_ACTIVE_ARCH = YES;
				SDKROOT = iphoneos;
				SWIFT_ACTIVE_COMPILATION_CONDITIONS = DEBUG;
				SWIFT_OPTIMIZATION_LEVEL = "-Onone";
			};
			name = Debug;
		};
		04247CF3229BCF160081A13B /* Release */ = {
			isa = XCBuildConfiguration;
			buildSettings = {
				ALWAYS_SEARCH_USER_PATHS = NO;
				CLANG_ANALYZER_NONNULL = YES;
				CLANG_ANALYZER_NUMBER_OBJECT_CONVERSION = YES_AGGRESSIVE;
				CLANG_CXX_LANGUAGE_STANDARD = "gnu++14";
				CLANG_CXX_LIBRARY = "libc++";
				CLANG_ENABLE_MODULES = YES;
				CLANG_ENABLE_OBJC_ARC = YES;
				CLANG_ENABLE_OBJC_WEAK = YES;
				CLANG_WARN_BLOCK_CAPTURE_AUTORELEASING = YES;
				CLANG_WARN_BOOL_CONVERSION = YES;
				CLANG_WARN_COMMA = YES;
				CLANG_WARN_CONSTANT_CONVERSION = YES;
				CLANG_WARN_DEPRECATED_OBJC_IMPLEMENTATIONS = YES;
				CLANG_WARN_DIRECT_OBJC_ISA_USAGE = YES_ERROR;
				CLANG_WARN_DOCUMENTATION_COMMENTS = YES;
				CLANG_WARN_EMPTY_BODY = YES;
				CLANG_WARN_ENUM_CONVERSION = YES;
				CLANG_WARN_INFINITE_RECURSION = YES;
				CLANG_WARN_INT_CONVERSION = YES;
				CLANG_WARN_NON_LITERAL_NULL_CONVERSION = YES;
				CLANG_WARN_OBJC_IMPLICIT_RETAIN_SELF = YES;
				CLANG_WARN_OBJC_LITERAL_CONVERSION = YES;
				CLANG_WARN_OBJC_ROOT_CLASS = YES_ERROR;
				CLANG_WARN_RANGE_LOOP_ANALYSIS = YES;
				CLANG_WARN_STRICT_PROTOTYPES = YES;
				CLANG_WARN_SUSPICIOUS_MOVE = YES;
				CLANG_WARN_UNGUARDED_AVAILABILITY = YES_AGGRESSIVE;
				CLANG_WARN_UNREACHABLE_CODE = YES;
				CLANG_WARN__DUPLICATE_METHOD_MATCH = YES;
				CODE_SIGN_IDENTITY = "iPhone Developer";
				COPY_PHASE_STRIP = NO;
				DEBUG_INFORMATION_FORMAT = "dwarf-with-dsym";
				ENABLE_NS_ASSERTIONS = NO;
				ENABLE_STRICT_OBJC_MSGSEND = YES;
				GCC_C_LANGUAGE_STANDARD = gnu11;
				GCC_NO_COMMON_BLOCKS = YES;
				GCC_WARN_64_TO_32_BIT_CONVERSION = YES;
				GCC_WARN_ABOUT_RETURN_TYPE = YES_ERROR;
				GCC_WARN_UNDECLARED_SELECTOR = YES;
				GCC_WARN_UNINITIALIZED_AUTOS = YES_AGGRESSIVE;
				GCC_WARN_UNUSED_FUNCTION = YES;
				GCC_WARN_UNUSED_VARIABLE = YES;
				IPHONEOS_DEPLOYMENT_TARGET = 11.3;
				MTL_ENABLE_DEBUG_INFO = NO;
				SDKROOT = iphoneos;
				SWIFT_COMPILATION_MODE = wholemodule;
				SWIFT_OPTIMIZATION_LEVEL = "-O";
				VALIDATE_PRODUCT = YES;
			};
			name = Release;
		};
		04247CF5229BCF160081A13B /* Debug */ = {
			isa = XCBuildConfiguration;
			buildSettings = {
				ASSETCATALOG_COMPILER_APPICON_NAME = AppIcon;
				CODE_SIGN_STYLE = Automatic;
				INFOPLIST_FILE = demo/Info.plist;
				LD_RUNPATH_SEARCH_PATHS = (
					"$(inherited)",
					"@executable_path/Frameworks",
				);
				PRODUCT_BUNDLE_IDENTIFIER = test2.demo;
				PRODUCT_NAME = "$(TARGET_NAME)";
				SWIFT_VERSION = 4.0;
				TARGETED_DEVICE_FAMILY = "1,2";
			};
			name = Debug;
		};
		04247CF6229BCF160081A13B /* Release */ = {
			isa = XCBuildConfiguration;
			buildSettings = {
				ASSETCATALOG_COMPILER_APPICON_NAME = AppIcon;
				CODE_SIGN_STYLE = Automatic;
				INFOPLIST_FILE = demo/Info.plist;
				LD_RUNPATH_SEARCH_PATHS = (
					"$(inherited)",
					"@executable_path/Frameworks",
				);
				PRODUCT_BUNDLE_IDENTIFIER = test2.demo;
				PRODUCT_NAME = "$(TARGET_NAME)";
				SWIFT_VERSION = 4.0;
				TARGETED_DEVICE_FAMILY = "1,2";
			};
			name = Release;
		};
		04247CF8229BCF160081A13B /* Debug */ = {
			isa = XCBuildConfiguration;
			buildSettings = {
				ALWAYS_EMBED_SWIFT_STANDARD_LIBRARIES = YES;
				BUNDLE_LOADER = "$(TEST_HOST)";
				CODE_SIGN_STYLE = Automatic;
				INFOPLIST_FILE = demoTests/Info.plist;
				LD_RUNPATH_SEARCH_PATHS = (
					"$(inherited)",
					"@executable_path/Frameworks",
					"@loader_path/Frameworks",
				);
				PRODUCT_BUNDLE_IDENTIFIER = test2.demoTests;
				PRODUCT_NAME = "$(TARGET_NAME)";
				SWIFT_VERSION = 4.0;
				TARGETED_DEVICE_FAMILY = "1,2";
				TEST_HOST = "$(BUILT_PRODUCTS_DIR)/demo.app/demo";
			};
			name = Debug;
		};
		04247CF9229BCF160081A13B /* Release */ = {
			isa = XCBuildConfiguration;
			buildSettings = {
				ALWAYS_EMBED_SWIFT_STANDARD_LIBRARIES = YES;
				BUNDLE_LOADER = "$(TEST_HOST)";
				CODE_SIGN_STYLE = Automatic;
				INFOPLIST_FILE = demoTests/Info.plist;
				LD_RUNPATH_SEARCH_PATHS = (
					"$(inherited)",
					"@executable_path/Frameworks",
					"@loader_path/Frameworks",
				);
				PRODUCT_BUNDLE_IDENTIFIER = test2.demoTests;
				PRODUCT_NAME = "$(TARGET_NAME)";
				SWIFT_VERSION = 4.0;
				TARGETED_DEVICE_FAMILY = "1,2";
				TEST_HOST = "$(BUILT_PRODUCTS_DIR)/demo.app/demo";
			};
			name = Release;
		};
		04247CFB229BCF160081A13B /* Debug */ = {
			isa = XCBuildConfiguration;
			buildSettings = {
				ALWAYS_EMBED_SWIFT_STANDARD_LIBRARIES = YES;
				CODE_SIGN_STYLE = Automatic;
				INFOPLIST_FILE = demoUITests/Info.plist;
				LD_RUNPATH_SEARCH_PATHS = (
					"$(inherited)",
					"@executable_path/Frameworks",
					"@loader_path/Frameworks",
				);
				PRODUCT_BUNDLE_IDENTIFIER = test2.demoUITests;
				PRODUCT_NAME = "$(TARGET_NAME)";
				SWIFT_VERSION = 4.0;
				TARGETED_DEVICE_FAMILY = "1,2";
				TEST_TARGET_NAME = demo;
			};
			name = Debug;
		};
		04247CFC229BCF160081A13B /* Release */ = {
			isa = XCBuildConfiguration;
			buildSettings = {
				ALWAYS_EMBED_SWIFT_STANDARD_LIBRARIES = YES;
				CODE_SIGN_STYLE = Automatic;
				INFOPLIST_FILE = demoUITests/Info.plist;
				LD_RUNPATH_SEARCH_PATHS = (
					"$(inherited)",
					"@executable_path/Frameworks",
					"@loader_path/Frameworks",
				);
				PRODUCT_BUNDLE_IDENTIFIER = test2.demoUITests;
				PRODUCT_NAME = "$(TARGET_NAME)";
				SWIFT_VERSION = 4.0;
				TARGETED_DEVICE_FAMILY = "1,2";
				TEST_TARGET_NAME = demo;
			};
			name = Release;
		};
/* End XCBuildConfiguration section */

/* Begin XCConfigurationList section */
		04247CC7229BCF150081A13B /* Build configuration list for PBXProject "demo" */ = {
			isa = XCConfigurationList;
			buildConfigurations = (
				04247CF2229BCF160081A13B /* Debug */,
				04247CF3229BCF160081A13B /* Release */,
			);
			defaultConfigurationIsVisible = 0;
			defaultConfigurationName = Release;
		};
		04247CF4229BCF160081A13B /* Build configuration list for PBXNativeTarget "demo" */ = {
			isa = XCConfigurationList;
			buildConfigurations = (
				04247CF5229BCF160081A13B /* Debug */,
				04247CF6229BCF160081A13B /* Release */,
			);
			defaultConfigurationIsVisible = 0;
			defaultConfigurationName = Release;
		};
		04247CF7229BCF160081A13B /* Build configuration list for PBXNativeTarget "demoTests" */ = {
			isa = XCConfigurationList;
			buildConfigurations = (
				04247CF8229BCF160081A13B /* Debug */,
				04247CF9229BCF160081A13B /* Release */,
			);
			defaultConfigurationIsVisible = 0;
			defaultConfigurationName = Release;
		};
		04247CFA229BCF160081A13B /* Build configuration list for PBXNativeTarget "demoUITests" */ = {
			isa = XCConfigurationList;
			buildConfigurations = (
				04247CFB229BCF160081A13B /* Debug */,
				04247CFC229BCF160081A13B /* Release */,
			);
			defaultConfigurationIsVisible = 0;
			defaultConfigurationName = Release;
		};
/* End XCConfigurationList section */
	};
	rootObject = 04247CC4229BCF150081A13B /* Project object */;
}
